
Microsoft Visual Studio Solution File, Format Version 12.00
# Visual Studio Version 16
VisualStudioVersion = 16.0.30907.101
MinimumVisualStudioVersion = 10.0.40219.1
Project("{FAE04EC0-301F-11D3-BF4B-00C04F79EFBC}") = "Method_Class_step-281", "Method_Class_step-281\Method_Class_step-281.csproj", "{BD90520E-498F-47BE-A4CC-CDB4B0120D5E}"
EndProject
Global
	GlobalSection(SolutionConfigurationPlatforms) = preSolution
		Debug|Any CPU = Debug|Any CPU
		Release|Any CPU = Release|Any CPU
	EndGlobalSection
	GlobalSection(ProjectConfigurationPlatforms) = postSolution
		{BD90520E-498F-47BE-A4CC-CDB4B0120D5E}.Debug|Any CPU.ActiveCfg = Debug|Any CPU
		{BD90520E-498F-47BE-A4CC-CDB4B0120D5E}.Debug|Any CPU.Build.0 = Debug|Any CPU
		{BD90520E-498F-47BE-A4CC-CDB4B0120D5E}.Release|Any CPU.ActiveCfg = Release|Any CPU
		{BD90520E-498F-47BE-A4CC-CDB4B0120D5E}.Release|Any CPU.Build.0 = Release|Any CPU
	EndGlobalSection
	GlobalSection(SolutionProperties) = preSolution
		HideSolutionNode = FALSE
	EndGlobalSection
	GlobalSection(ExtensibilityGlobals) = postSolution
		SolutionGuid = {9E8AC934-084A-403D-910C-D8EA656704D8}
	EndGlobalSection
EndGlobal
