
Microsoft Visual Studio Solution File, Format Version 12.00
# Visual Studio Version 16
VisualStudioVersion = 16.0.31129.286
MinimumVisualStudioVersion = 10.0.40219.1
Project("{FAE04EC0-301F-11D3-BF4B-00C04F79EFBC}") = "Parsing_Enums_Step-324", "Parsing_Enums_Step-324\Parsing_Enums_Step-324.csproj", "{6873A2A5-2743-49F9-9B65-3332F420F4C0}"
EndProject
Global
	GlobalSection(SolutionConfigurationPlatforms) = preSolution
		Debug|Any CPU = Debug|Any CPU
		Release|Any CPU = Release|Any CPU
	EndGlobalSection
	GlobalSection(ProjectConfigurationPlatforms) = postSolution
		{6873A2A5-2743-49F9-9B65-3332F420F4C0}.Debug|Any CPU.ActiveCfg = Debug|Any CPU
		{6873A2A5-2743-49F9-9B65-3332F420F4C0}.Debug|Any CPU.Build.0 = Debug|Any CPU
		{6873A2A5-2743-49F9-9B65-3332F420F4C0}.Release|Any CPU.ActiveCfg = Release|Any CPU
		{6873A2A5-2743-49F9-9B65-3332F420F4C0}.Release|Any CPU.Build.0 = Release|Any CPU
	EndGlobalSection
	GlobalSection(SolutionProperties) = preSolution
		HideSolutionNode = FALSE
	EndGlobalSection
	GlobalSection(ExtensibilityGlobals) = postSolution
		SolutionGuid = {3445796A-DC6A-4B1D-B9C1-CCDF07242B8D}
	EndGlobalSection
EndGlobal
