
Microsoft Visual Studio Solution File, Format Version 12.00
# Visual Studio Version 16
VisualStudioVersion = 16.0.30907.101
MinimumVisualStudioVersion = 10.0.40219.1
Project("{FAE04EC0-301F-11D3-BF4B-00C04F79EFBC}") = "Strings", "Strings\Strings.csproj", "{EE807558-73D3-4467-927F-F642C0FD54BE}"
EndProject
Global
	GlobalSection(SolutionConfigurationPlatforms) = preSolution
		Debug|Any CPU = Debug|Any CPU
		Release|Any CPU = Release|Any CPU
	EndGlobalSection
	GlobalSection(ProjectConfigurationPlatforms) = postSolution
		{EE807558-73D3-4467-927F-F642C0FD54BE}.Debug|Any CPU.ActiveCfg = Debug|Any CPU
		{EE807558-73D3-4467-927F-F642C0FD54BE}.Debug|Any CPU.Build.0 = Debug|Any CPU
		{EE807558-73D3-4467-927F-F642C0FD54BE}.Release|Any CPU.ActiveCfg = Release|Any CPU
		{EE807558-73D3-4467-927F-F642C0FD54BE}.Release|Any CPU.Build.0 = Release|Any CPU
	EndGlobalSection
	GlobalSection(SolutionProperties) = preSolution
		HideSolutionNode = FALSE
	EndGlobalSection
	GlobalSection(ExtensibilityGlobals) = postSolution
		SolutionGuid = {818F77E7-FDFE-4A3E-88AF-CF9B656DE435}
	EndGlobalSection
EndGlobal
