
Microsoft Visual Studio Solution File, Format Version 12.00
# Visual Studio Version 16
VisualStudioVersion = 16.0.30907.101
MinimumVisualStudioVersion = 10.0.40219.1
Project("{FAE04EC0-301F-11D3-BF4B-00C04F79EFBC}") = "assignment159", "assignment159\assignment159.csproj", "{DF0F6321-6414-4D82-8DB5-90787CA183AA}"
EndProject
Global
	GlobalSection(SolutionConfigurationPlatforms) = preSolution
		Debug|Any CPU = Debug|Any CPU
		Release|Any CPU = Release|Any CPU
	EndGlobalSection
	GlobalSection(ProjectConfigurationPlatforms) = postSolution
		{DF0F6321-6414-4D82-8DB5-90787CA183AA}.Debug|Any CPU.ActiveCfg = Debug|Any CPU
		{DF0F6321-6414-4D82-8DB5-90787CA183AA}.Debug|Any CPU.Build.0 = Debug|Any CPU
		{DF0F6321-6414-4D82-8DB5-90787CA183AA}.Release|Any CPU.ActiveCfg = Release|Any CPU
		{DF0F6321-6414-4D82-8DB5-90787CA183AA}.Release|Any CPU.Build.0 = Release|Any CPU
	EndGlobalSection
	GlobalSection(SolutionProperties) = preSolution
		HideSolutionNode = FALSE
	EndGlobalSection
	GlobalSection(ExtensibilityGlobals) = postSolution
		SolutionGuid = {BF1C5768-031E-45DB-87E9-2C784B577ECC}
	EndGlobalSection
EndGlobal
