
Microsoft Visual Studio Solution File, Format Version 12.00
# Visual Studio Version 16
VisualStudioVersion = 16.0.31129.286
MinimumVisualStudioVersion = 10.0.40219.1
Project("{FAE04EC0-301F-11D3-BF4B-00C04F79EFBC}") = "Constructor_assignment_Step-383", "Constructor_assignment_Step-383\Constructor_assignment_Step-383.csproj", "{1C5987B3-22A5-4276-9833-4ABCB33775D9}"
EndProject
Global
	GlobalSection(SolutionConfigurationPlatforms) = preSolution
		Debug|Any CPU = Debug|Any CPU
		Release|Any CPU = Release|Any CPU
	EndGlobalSection
	GlobalSection(ProjectConfigurationPlatforms) = postSolution
		{1C5987B3-22A5-4276-9833-4ABCB33775D9}.Debug|Any CPU.ActiveCfg = Debug|Any CPU
		{1C5987B3-22A5-4276-9833-4ABCB33775D9}.Debug|Any CPU.Build.0 = Debug|Any CPU
		{1C5987B3-22A5-4276-9833-4ABCB33775D9}.Release|Any CPU.ActiveCfg = Release|Any CPU
		{1C5987B3-22A5-4276-9833-4ABCB33775D9}.Release|Any CPU.Build.0 = Release|Any CPU
	EndGlobalSection
	GlobalSection(SolutionProperties) = preSolution
		HideSolutionNode = FALSE
	EndGlobalSection
	GlobalSection(ExtensibilityGlobals) = postSolution
		SolutionGuid = {FED499B6-40DA-4D3D-A819-75D4F7B65F32}
	EndGlobalSection
EndGlobal
