
Microsoft Visual Studio Solution File, Format Version 12.00
# Visual Studio Version 16
VisualStudioVersion = 16.0.30907.101
MinimumVisualStudioVersion = 10.0.40219.1
Project("{FAE04EC0-301F-11D3-BF4B-00C04F79EFBC}") = "methods_classes", "methods_classes\methods_classes.csproj", "{774DE210-2CAA-4393-88D7-C210AA16B970}"
EndProject
Global
	GlobalSection(SolutionConfigurationPlatforms) = preSolution
		Debug|Any CPU = Debug|Any CPU
		Release|Any CPU = Release|Any CPU
	EndGlobalSection
	GlobalSection(ProjectConfigurationPlatforms) = postSolution
		{774DE210-2CAA-4393-88D7-C210AA16B970}.Debug|Any CPU.ActiveCfg = Debug|Any CPU
		{774DE210-2CAA-4393-88D7-C210AA16B970}.Debug|Any CPU.Build.0 = Debug|Any CPU
		{774DE210-2CAA-4393-88D7-C210AA16B970}.Release|Any CPU.ActiveCfg = Release|Any CPU
		{774DE210-2CAA-4393-88D7-C210AA16B970}.Release|Any CPU.Build.0 = Release|Any CPU
	EndGlobalSection
	GlobalSection(SolutionProperties) = preSolution
		HideSolutionNode = FALSE
	EndGlobalSection
	GlobalSection(ExtensibilityGlobals) = postSolution
		SolutionGuid = {F290AB85-B49F-42C4-9C8F-A46B2DD6D1D1}
	EndGlobalSection
EndGlobal
